// !$*UTF8*$!
{
	archiveVersion = 1;
	classes = {
	};
	objectVersion = 46;
	objects = {

/* Begin PBXBuildFile section */
		673B1734803443E8411201EF /* libPods-MyFramework.a in Frameworks */ = {isa = PBXBuildFile; fileRef = 4FE922F94FB854EA20F7D73A /* libPods-MyFramework.a */; };
		BA5767601CE1997700491479 /* MyFramework.h in Headers */ = {isa = PBXBuildFile; fileRef = BA57675F1CE1997700491479 /* MyFramework.h */; settings = {ATTRIBUTES = (Public, ); }; };
		BA5767691CE19CDA00491479 /* NetworkManager.h in Headers */ = {isa = PBXBuildFile; fileRef = BA5767671CE19CDA00491479 /* NetworkManager.h */; };
		BA57676A1CE19CDA00491479 /* NetworkManager.m in Sources */ = {isa = PBXBuildFile; fileRef = BA5767681CE19CDA00491479 /* NetworkManager.m */; };
		BA57676C1CE19FE100491479 /* images.xcassets in Resources */ = {isa = PBXBuildFile; fileRef = BA57676B1CE19FE100491479 /* images.xcassets */; };
		BA5767711CE1A08100491479 /* DLLoginViewController.h in Headers */ = {isa = PBXBuildFile; fileRef = BA57676E1CE1A08100491479 /* DLLoginViewController.h */; };
		BA5767721CE1A08100491479 /* DLLoginViewController.m in Sources */ = {isa = PBXBuildFile; fileRef = BA57676F1CE1A08100491479 /* DLLoginViewController.m */; };
		BA5767731CE1A08100491479 /* DLLoginViewController.xib in Resources */ = {isa = PBXBuildFile; fileRef = BA5767701CE1A08100491479 /* DLLoginViewController.xib */; };
/* End PBXBuildFile section */

/* Begin PBXFileReference section */
		4FE922F94FB854EA20F7D73A /* libPods-MyFramework.a */ = {isa = PBXFileReference; explicitFileType = archive.ar; includeInIndex = 0; path = "libPods-MyFramework.a"; sourceTree = BUILT_PRODUCTS_DIR; };
		971C1C87FA7F61E0D8F7C16C /* Pods-MyFramework.debug.xcconfig */ = {isa = PBXFileReference; includeInIndex = 1; lastKnownFileType = text.xcconfig; name = "Pods-MyFramework.debug.xcconfig"; path = "Pods/Target Support Files/Pods-MyFramework/Pods-MyFramework.debug.xcconfig"; sourceTree = "<group>"; };
		BA57675C1CE1997700491479 /* MyFramework.framework */ = {isa = PBXFileReference; explicitFileType = wrapper.framework; includeInIndex = 0; path = MyFramework.framework; sourceTree = BUILT_PRODUCTS_DIR; };
		BA57675F1CE1997700491479 /* MyFramework.h */ = {isa = PBXFileReference; lastKnownFileType = sourcecode.c.h; path = MyFramework.h; sourceTree = "<group>"; };
		BA5767611CE1997700491479 /* Info.plist */ = {isa = PBXFileReference; lastKnownFileType = text.plist.xml; path = Info.plist; sourceTree = "<group>"; };
		BA5767671CE19CDA00491479 /* NetworkManager.h */ = {isa = PBXFileReference; fileEncoding = 4; lastKnownFileType = sourcecode.c.h; path = NetworkManager.h; sourceTree = "<group>"; };
		BA5767681CE19CDA00491479 /* NetworkManager.m */ = {isa = PBXFileReference; fileEncoding = 4; lastKnownFileType = sourcecode.c.objc; path = NetworkManager.m; sourceTree = "<group>"; };
		BA57676B1CE19FE100491479 /* images.xcassets */ = {isa = PBXFileReference; lastKnownFileType = folder.assetcatalog; path = images.xcassets; sourceTree = "<group>"; };
		BA57676E1CE1A08100491479 /* DLLoginViewController.h */ = {isa = PBXFileReference; fileEncoding = 4; lastKnownFileType = sourcecode.c.h; path = DLLoginViewController.h; sourceTree = "<group>"; };
		BA57676F1CE1A08100491479 /* DLLoginViewController.m */ = {isa = PBXFileReference; fileEncoding = 4; lastKnownFileType = sourcecode.c.objc; path = DLLoginViewController.m; sourceTree = "<group>"; };
		BA5767701CE1A08100491479 /* DLLoginViewController.xib */ = {isa = PBXFileReference; fileEncoding = 4; lastKnownFileType = file.xib; path = DLLoginViewController.xib; sourceTree = "<group>"; };
		ED83408B338E6AC4664AE7E0 /* Pods-MyFramework.release.xcconfig */ = {isa = PBXFileReference; includeInIndex = 1; lastKnownFileType = text.xcconfig; name = "Pods-MyFramework.release.xcconfig"; path = "Pods/Target Support Files/Pods-MyFramework/Pods-MyFramework.release.xcconfig"; sourceTree = "<group>"; };
/* End PBXFileReference section */

/* Begin PBXFrameworksBuildPhase section */
		BA5767581CE1997700491479 /* Frameworks */ = {
			isa = PBXFrameworksBuildPhase;
			buildActionMask = 2147483647;
			files = (
				673B1734803443E8411201EF /* libPods-MyFramework.a in Frameworks */,
			);
			runOnlyForDeploymentPostprocessing = 0;
		};
/* End PBXFrameworksBuildPhase section */

/* Begin PBXGroup section */
		933368CA602763A45CEE07E5 /* Pods */ = {
			isa = PBXGroup;
			children = (
				971C1C87FA7F61E0D8F7C16C /* Pods-MyFramework.debug.xcconfig */,
				ED83408B338E6AC4664AE7E0 /* Pods-MyFramework.release.xcconfig */,
			);
			name = Pods;
			sourceTree = "<group>";
		};
		BA5767521CE1997700491479 = {
			isa = PBXGroup;
			children = (
				BA57675E1CE1997700491479 /* MyFramework */,
				BA57675D1CE1997700491479 /* Products */,
				933368CA602763A45CEE07E5 /* Pods */,
				E5082EBF2373989DC9FFD898 /* Frameworks */,
			);
			sourceTree = "<group>";
		};
		BA57675D1CE1997700491479 /* Products */ = {
			isa = PBXGroup;
			children = (
				BA57675C1CE1997700491479 /* MyFramework.framework */,
			);
			name = Products;
			sourceTree = "<group>";
		};
		BA57675E1CE1997700491479 /* MyFramework */ = {
			isa = PBXGroup;
			children = (
				BA57676E1CE1A08100491479 /* DLLoginViewController.h */,
				BA57676F1CE1A08100491479 /* DLLoginViewController.m */,
				BA5767701CE1A08100491479 /* DLLoginViewController.xib */,
				BA5767671CE19CDA00491479 /* NetworkManager.h */,
				BA5767681CE19CDA00491479 /* NetworkManager.m */,
				BA57675F1CE1997700491479 /* MyFramework.h */,
				BA5767611CE1997700491479 /* Info.plist */,
				BA57676D1CE1A02A00491479 /* Resources */,
			);
			path = MyFramework;
			sourceTree = "<group>";
		};
		BA57676D1CE1A02A00491479 /* Resources */ = {
			isa = PBXGroup;
			children = (
				BA57676B1CE19FE100491479 /* images.xcassets */,
			);
			name = Resources;
			sourceTree = "<group>";
		};
		E5082EBF2373989DC9FFD898 /* Frameworks */ = {
			isa = PBXGroup;
			children = (
				4FE922F94FB854EA20F7D73A /* libPods-MyFramework.a */,
			);
			name = Frameworks;
			sourceTree = "<group>";
		};
/* End PBXGroup section */

/* Begin PBXHeadersBuildPhase section */
		BA5767591CE1997700491479 /* Headers */ = {
			isa = PBXHeadersBuildPhase;
			buildActionMask = 2147483647;
			files = (
				BA5767711CE1A08100491479 /* DLLoginViewController.h in Headers */,
				BA5767601CE1997700491479 /* MyFramework.h in Headers */,
				BA5767691CE19CDA00491479 /* NetworkManager.h in Headers */,
			);
			runOnlyForDeploymentPostprocessing = 0;
		};
/* End PBXHeadersBuildPhase section */

/* Begin PBXNativeTarget section */
		BA57675B1CE1997700491479 /* MyFramework */ = {
			isa = PBXNativeTarget;
			buildConfigurationList = BA5767641CE1997700491479 /* Build configuration list for PBXNativeTarget "MyFramework" */;
			buildPhases = (
				C522EAC25C81BC31D659DACD /* 📦 Check Pods Manifest.lock */,
				BA5767571CE1997700491479 /* Sources */,
				BA5767581CE1997700491479 /* Frameworks */,
				BA5767591CE1997700491479 /* Headers */,
				BA57675A1CE1997700491479 /* Resources */,
				E1028BF40C17A7E62D224CFB /* 📦 Copy Pods Resources */,
			);
			buildRules = (
			);
			dependencies = (
			);
			name = MyFramework;
			productName = MyFramework;
			productReference = BA57675C1CE1997700491479 /* MyFramework.framework */;
			productType = "com.apple.product-type.framework";
		};
/* End PBXNativeTarget section */

/* Begin PBXProject section */
		BA5767531CE1997700491479 /* Project object */ = {
			isa = PBXProject;
			attributes = {
				LastUpgradeCheck = 0730;
				ORGANIZATIONNAME = OnWorldTV;
				TargetAttributes = {
					BA57675B1CE1997700491479 = {
						CreatedOnToolsVersion = 7.3;
					};
				};
			};
			buildConfigurationList = BA5767561CE1997700491479 /* Build configuration list for PBXProject "MyFramework" */;
			compatibilityVersion = "Xcode 3.2";
			developmentRegion = English;
			hasScannedForEncodings = 0;
			knownRegions = (
				en,
			);
			mainGroup = BA5767521CE1997700491479;
			productRefGroup = BA57675D1CE1997700491479 /* Products */;
			projectDirPath = "";
			projectRoot = "";
			targets = (
				BA57675B1CE1997700491479 /* MyFramework */,
			);
		};
/* End PBXProject section */

/* Begin PBXResourcesBuildPhase section */
		BA57675A1CE1997700491479 /* Resources */ = {
			isa = PBXResourcesBuildPhase;
			buildActionMask = 2147483647;
			files = (
				BA5767731CE1A08100491479 /* DLLoginViewController.xib in Resources */,
				BA57676C1CE19FE100491479 /* images.xcassets in Resources */,
			);
			runOnlyForDeploymentPostprocessing = 0;
		};
/* End PBXResourcesBuildPhase section */

/* Begin PBXShellScriptBuildPhase section */
		C522EAC25C81BC31D659DACD /* 📦 Check Pods Manifest.lock */ = {
			isa = PBXShellScriptBuildPhase;
			buildActionMask = 2147483647;
			files = (
			);
			inputPaths = (
			);
			name = "📦 Check Pods Manifest.lock";
			outputPaths = (
			);
			runOnlyForDeploymentPostprocessing = 0;
			shellPath = /bin/sh;
			shellScript = "diff \"${PODS_ROOT}/../Podfile.lock\" \"${PODS_ROOT}/Manifest.lock\" > /dev/null\nif [[ $? != 0 ]] ; then\n    cat << EOM\nerror: The sandbox is not in sync with the Podfile.lock. Run 'pod install' or update your CocoaPods installation.\nEOM\n    exit 1\nfi\n";
			showEnvVarsInLog = 0;
		};
		E1028BF40C17A7E62D224CFB /* 📦 Copy Pods Resources */ = {
			isa = PBXShellScriptBuildPhase;
			buildActionMask = 2147483647;
			files = (
			);
			inputPaths = (
			);
			name = "📦 Copy Pods Resources";
			outputPaths = (
			);
			runOnlyForDeploymentPostprocessing = 0;
			shellPath = /bin/sh;
			shellScript = "\"${SRCROOT}/Pods/Target Support Files/Pods-MyFramework/Pods-MyFramework-resources.sh\"\n";
			showEnvVarsInLog = 0;
		};
/* End PBXShellScriptBuildPhase section */

/* Begin PBXSourcesBuildPhase section */
		BA5767571CE1997700491479 /* Sources */ = {
			isa = PBXSourcesBuildPhase;
			buildActionMask = 2147483647;
			files = (
				BA5767721CE1A08100491479 /* DLLoginViewController.m in Sources */,
				BA57676A1CE19CDA00491479 /* NetworkManager.m in Sources */,
			);
			runOnlyForDeploymentPostprocessing = 0;
		};
/* End PBXSourcesBuildPhase section */

/* Begin XCBuildConfiguration section */
		BA5767621CE1997700491479 /* Debug */ = {
			isa = XCBuildConfiguration;
			buildSettings = {
				ALWAYS_SEARCH_USER_PATHS = NO;
				CLANG_ANALYZER_NONNULL = YES;
				CLANG_CXX_LANGUAGE_STANDARD = "gnu++0x";
				CLANG_CXX_LIBRARY = "libc++";
				CLANG_ENABLE_MODULES = YES;
				CLANG_ENABLE_OBJC_ARC = YES;
				CLANG_WARN_BOOL_CONVERSION = YES;
				CLANG_WARN_CONSTANT_CONVERSION = YES;
				CLANG_WARN_DIRECT_OBJC_ISA_USAGE = YES_ERROR;
				CLANG_WARN_EMPTY_BODY = YES;
				CLANG_WARN_ENUM_CONVERSION = YES;
				CLANG_WARN_INT_CONVERSION = YES;
				CLANG_WARN_OBJC_ROOT_CLASS = YES_ERROR;
				CLANG_WARN_UNREACHABLE_CODE = YES;
				CLANG_WARN__DUPLICATE_METHOD_MATCH = YES;
				"CODE_SIGN_IDENTITY[sdk=iphoneos*]" = "iPhone Developer";
				COPY_PHASE_STRIP = NO;
				CURRENT_PROJECT_VERSION = 1;
				DEBUG_INFORMATION_FORMAT = dwarf;
				ENABLE_STRICT_OBJC_MSGSEND = YES;
				ENABLE_TESTABILITY = YES;
				GCC_C_LANGUAGE_STANDARD = gnu99;
				GCC_DYNAMIC_NO_PIC = NO;
				GCC_NO_COMMON_BLOCKS = YES;
				GCC_OPTIMIZATION_LEVEL = 0;
				GCC_PREPROCESSOR_DEFINITIONS = (
					"DEBUG=1",
					"$(inherited)",
				);
				GCC_WARN_64_TO_32_BIT_CONVERSION = YES;
				GCC_WARN_ABOUT_RETURN_TYPE = YES_ERROR;
				GCC_WARN_UNDECLARED_SELECTOR = YES;
				GCC_WARN_UNINITIALIZED_AUTOS = YES_AGGRESSIVE;
				GCC_WARN_UNUSED_FUNCTION = YES;
				GCC_WARN_UNUSED_VARIABLE = YES;
				IPHONEOS_DEPLOYMENT_TARGET = 9.3;
				MTL_ENABLE_DEBUG_INFO = YES;
				ONLY_ACTIVE_ARCH = YES;
				SDKROOT = iphoneos;
				TARGETED_DEVICE_FAMILY = "1,2";
				VERSIONING_SYSTEM = "apple-generic";
				VERSION_INFO_PREFIX = "";
			};
			name = Debug;
		};
		BA5767631CE1997700491479 /* Release */ = {
			isa = XCBuildConfiguration;
			buildSettings = {
				ALWAYS_SEARCH_USER_PATHS = NO;
				CLANG_ANALYZER_NONNULL = YES;
				CLANG_CXX_LANGUAGE_STANDARD = "gnu++0x";
				CLANG_CXX_LIBRARY = "libc++";
				CLANG_ENABLE_MODULES = YES;
				CLANG_ENABLE_OBJC_ARC = YES;
				CLANG_WARN_BOOL_CONVERSION = YES;
				CLANG_WARN_CONSTANT_CONVERSION = YES;
				CLANG_WARN_DIRECT_OBJC_ISA_USAGE = YES_ERROR;
				CLANG_WARN_EMPTY_BODY = YES;
				CLANG_WARN_ENUM_CONVERSION = YES;
				CLANG_WARN_INT_CONVERSION = YES;
				CLANG_WARN_OBJC_ROOT_CLASS = YES_ERROR;
				CLANG_WARN_UNREACHABLE_CODE = YES;
				CLANG_WARN__DUPLICATE_METHOD_MATCH = YES;
				"CODE_SIGN_IDENTITY[sdk=iphoneos*]" = "iPhone Developer";
				COPY_PHASE_STRIP = NO;
				CURRENT_PROJECT_VERSION = 1;
				DEBUG_INFORMATION_FORMAT = "dwarf-with-dsym";
				ENABLE_NS_ASSERTIONS = NO;
				ENABLE_STRICT_OBJC_MSGSEND = YES;
				GCC_C_LANGUAGE_STANDARD = gnu99;
				GCC_NO_COMMON_BLOCKS = YES;
				GCC_WARN_64_TO_32_BIT_CONVERSION = YES;
				GCC_WARN_ABOUT_RETURN_TYPE = YES_ERROR;
				GCC_WARN_UNDECLARED_SELECTOR = YES;
				GCC_WARN_UNINITIALIZED_AUTOS = YES_AGGRESSIVE;
				GCC_WARN_UNUSED_FUNCTION = YES;
				GCC_WARN_UNUSED_VARIABLE = YES;
				IPHONEOS_DEPLOYMENT_TARGET = 9.3;
				MTL_ENABLE_DEBUG_INFO = NO;
				SDKROOT = iphoneos;
				TARGETED_DEVICE_FAMILY = "1,2";
				VALIDATE_PRODUCT = YES;
				VERSIONING_SYSTEM = "apple-generic";
				VERSION_INFO_PREFIX = "";
			};
			name = Release;
		};
		BA5767651CE1997700491479 /* Debug */ = {
			isa = XCBuildConfiguration;
			baseConfigurationReference = 971C1C87FA7F61E0D8F7C16C /* Pods-MyFramework.debug.xcconfig */;
			buildSettings = {
				DEFINES_MODULE = YES;
				DYLIB_COMPATIBILITY_VERSION = 1;
				DYLIB_CURRENT_VERSION = 1;
				DYLIB_INSTALL_NAME_BASE = "@rpath";
				INFOPLIST_FILE = MyFramework/Info.plist;
				INSTALL_PATH = "$(LOCAL_LIBRARY_DIR)/Frameworks";
				IPHONEOS_DEPLOYMENT_TARGET = 7.0;
				LD_RUNPATH_SEARCH_PATHS = "$(inherited) @executable_path/Frameworks @loader_path/Frameworks";
				PRODUCT_BUNDLE_IDENTIFIER = com.myproduct.MyFramework;
				PRODUCT_NAME = "$(TARGET_NAME)";
				SKIP_INSTALL = YES;
			};
			name = Debug;
		};
		BA5767661CE1997700491479 /* Release */ = {
			isa = XCBuildConfiguration;
			baseConfigurationReference = ED83408B338E6AC4664AE7E0 /* Pods-MyFramework.release.xcconfig */;
			buildSettings = {
				DEFINES_MODULE = YES;
				DYLIB_COMPATIBILITY_VERSION = 1;
				DYLIB_CURRENT_VERSION = 1;
				DYLIB_INSTALL_NAME_BASE = "@rpath";
				INFOPLIST_FILE = MyFramework/Info.plist;
				INSTALL_PATH = "$(LOCAL_LIBRARY_DIR)/Frameworks";
				IPHONEOS_DEPLOYMENT_TARGET = 7.0;
				LD_RUNPATH_SEARCH_PATHS = "$(inherited) @executable_path/Frameworks @loader_path/Frameworks";
				PRODUCT_BUNDLE_IDENTIFIER = com.myproduct.MyFramework;
				PRODUCT_NAME = "$(TARGET_NAME)";
				SKIP_INSTALL = YES;
			};
			name = Release;
		};
/* End XCBuildConfiguration section */

/* Begin XCConfigurationList section */
		BA5767561CE1997700491479 /* Build configuration list for PBXProject "MyFramework" */ = {
			isa = XCConfigurationList;
			buildConfigurations = (
				BA5767621CE1997700491479 /* Debug */,
				BA5767631CE1997700491479 /* Release */,
			);
			defaultConfigurationIsVisible = 0;
			defaultConfigurationName = Release;
		};
		BA5767641CE1997700491479 /* Build configuration list for PBXNativeTarget "MyFramework" */ = {
			isa = XCConfigurationList;
			buildConfigurations = (
				BA5767651CE1997700491479 /* Debug */,
				BA5767661CE1997700491479 /* Release */,
			);
			defaultConfigurationIsVisible = 0;
			defaultConfigurationName = Release;
		};
/* End XCConfigurationList section */
	};
	rootObject = BA5767531CE1997700491479 /* Project object */;
}
